
Microsoft Visual Studio Solution File, Format Version 12.00
# Visual Studio Version 17
VisualStudioVersion = 17.0.31912.275
MinimumVisualStudioVersion = 10.0.40219.1
Project("{9A19103F-16F7-4668-BE54-9A1E7A4F7556}") = "Service", "Service\Service.csproj", "{401B04FD-31F6-4CA9-BF9C-2CC0BA130CCD}"
EndProject
Project("{9A19103F-16F7-4668-BE54-9A1E7A4F7556}") = "Console.Server", "Console.Server\Console.Server.csproj", "{8D846261-1BE6-4809-B833-2AF6A4C3D1B4}"
EndProject
Project("{9A19103F-16F7-4668-BE54-9A1E7A4F7556}") = "Client.Library", "Client.Library\Client.Library.csproj", "{BCC4B70C-7B11-4600-B51A-7A043778869A}"
EndProject
Global
	GlobalSection(SolutionConfigurationPlatforms) = preSolution
		Debug|Any CPU = Debug|Any CPU
		Release|Any CPU = Release|Any CPU
	EndGlobalSection
	GlobalSection(ProjectConfigurationPlatforms) = postSolution
		{401B04FD-31F6-4CA9-BF9C-2CC0BA130CCD}.Debug|Any CPU.ActiveCfg = Debug|Any CPU
		{401B04FD-31F6-4CA9-BF9C-2CC0BA130CCD}.Debug|Any CPU.Build.0 = Debug|Any CPU
		{401B04FD-31F6-4CA9-BF9C-2CC0BA130CCD}.Release|Any CPU.ActiveCfg = Release|Any CPU
		{401B04FD-31F6-4CA9-BF9C-2CC0BA130CCD}.Release|Any CPU.Build.0 = Release|Any CPU
		{8D846261-1BE6-4809-B833-2AF6A4C3D1B4}.Debug|Any CPU.ActiveCfg = Debug|Any CPU
		{8D846261-1BE6-4809-B833-2AF6A4C3D1B4}.Debug|Any CPU.Build.0 = Debug|Any CPU
		{8D846261-1BE6-4809-B833-2AF6A4C3D1B4}.Release|Any CPU.ActiveCfg = Release|Any CPU
		{8D846261-1BE6-4809-B833-2AF6A4C3D1B4}.Release|Any CPU.Build.0 = Release|Any CPU
		{BCC4B70C-7B11-4600-B51A-7A043778869A}.Debug|Any CPU.ActiveCfg = Debug|Any CPU
		{BCC4B70C-7B11-4600-B51A-7A043778869A}.Debug|Any CPU.Build.0 = Debug|Any CPU
		{BCC4B70C-7B11-4600-B51A-7A043778869A}.Release|Any CPU.ActiveCfg = Release|Any CPU
		{BCC4B70C-7B11-4600-B51A-7A043778869A}.Release|Any CPU.Build.0 = Release|Any CPU
	EndGlobalSection
	GlobalSection(SolutionProperties) = preSolution
		HideSolutionNode = FALSE
	EndGlobalSection
	GlobalSection(ExtensibilityGlobals) = postSolution
		SolutionGuid = {D0CF1205-AA99-483D-B3EE-3B4ACDDD41B5}
	EndGlobalSection
EndGlobal
